{
    "name": "apple-healthkit-csv",
    "version": "1.0.0",
    "lockfileVersion": 2,
    "requires": true,
    "packages": {
        "": {
            "name": "apple-healthkit-csv",
            "version": "1.0.0",
            "license": "GPL-3.0",
            "dependencies": {
                "normalize.css": "^8.0.1"
            },
            "devDependencies": {
                "html-minifier-terser": "^7.2.0",
                "inline-source": "^8.0.3"
            }
        },
        "node_modules/@jridgewell/gen-mapping": {
            "version": "0.3.13",
            "resolved": "https://registry.npmjs.org/@jridgewell/gen-mapping/-/gen-mapping-0.3.13.tgz",
            "integrity": "sha512-2kkt/7niJ6MgEPxF0bYdQ6etZaA+fQvDcLKckhy1yIQOzaoKjBBjSj63/aLVjYE3qhRt5dvM+uUyfCg6UKCBbA==",
            "dev": true,
            "license": "MIT",
            "dependencies": {
                "@jridgewell/sourcemap-codec": "^1.5.0",
                "@jridgewell/trace-mapping": "^0.3.24"
            }
        },
        "node_modules/@jridgewell/resolve-uri": {
            "version": "3.1.2",
            "resolved": "https://registry.npmjs.org/@jridgewell/resolve-uri/-/resolve-uri-3.1.2.tgz",
            "integrity": "sha512-bRISgCIjP20/tbWSPWMEi54QVPRZExkuD9lJL+UIxUKtwVJA8wW1Trb1jMs1RFXo1CBTNZ/5hpC9QvmKWdopKw==",
            "dev": true,
            "license": "MIT",
            "engines": {
                "node": ">=6.0.0"
            }
        },
        "node_modules/@jridgewell/source-map": {
            "version": "0.3.11",
            "resolved": "https://registry.npmjs.org/@jridgewell/source-map/-/source-map-0.3.11.tgz",
            "integrity": "sha512-ZMp1V8ZFcPG5dIWnQLr3NSI1MiCU7UETdS/A0G8V/XWHvJv3ZsFqutJn1Y5RPmAPX6F3BiE397OqveU/9NCuIA==",
            "dev": true,
            "license": "MIT",
            "dependencies": {
                "@jridgewell/gen-mapping": "^0.3.5",
                "@jridgewell/trace-mapping": "^0.3.25"
            }
        },
        "node_modules/@jridgewell/sourcemap-codec": {
            "version": "1.5.5",
            "resolved": "https://registry.npmjs.org/@jridgewell/sourcemap-codec/-/sourcemap-codec-1.5.5.tgz",
            "integrity": "sha512-cYQ9310grqxueWbl+WuIUIaiUaDcj7WOq5fVhEljNVgRfOUhY9fy2zTvfoqWsnebh8Sl70VScFbICvJnLKB0Og==",
            "dev": true,
            "license": "MIT"
        },
        "node_modules/@jridgewell/trace-mapping": {
            "version": "0.3.31",
            "resolved": "https://registry.npmjs.org/@jridgewell/trace-mapping/-/trace-mapping-0.3.31.tgz",
            "integrity": "sha512-zzNR+SdQSDJzc8joaeP8QQoCQr8NuYx2dIIytl1QeBEZHJ9uW6hebsrYgbz8hJwUQao3TWCMtmfV8Nu1twOLAw==",
            "dev": true,
            "license": "MIT",
            "dependencies": {
                "@jridgewell/resolve-uri": "^3.1.0",
                "@jridgewell/sourcemap-codec": "^1.4.14"
            }
        },
        "node_modules/acorn": {
            "version": "8.17.0",
            "resolved": "https://registry.npmjs.org/acorn/-/acorn-8.17.0.tgz",
            "integrity": "sha512-xRQbDb9BnwDafYNn6Vwl839DYVjqXYb1XVGtWAZ1kcDc6iwAL4hg3B1dZlRiuENFeO2H53gFG3in621AdERVAg==",
            "dev": true,
            "license": "MIT",
            "bin": {
                "acorn": "bin/acorn"
            },
            "engines": {
                "node": ">=0.4.0"
            }
        },
        "node_modules/boolbase": {
            "version": "1.0.0",
            "resolved": "https://registry.npmjs.org/boolbase/-/boolbase-1.0.0.tgz",
            "integrity": "sha512-JZOSA7Mo9sNGB8+UjSgzdLtokWAky1zbztM3WRLCbZ70/3cTANmQmOdR7y2g+J0e2WXywy1yS468tY+IruqEww==",
            "dev": true,
            "license": "ISC"
        },
        "node_modules/buffer-from": {
            "version": "1.1.2",
            "resolved": "https://registry.npmjs.org/buffer-from/-/buffer-from-1.1.2.tgz",
            "integrity": "sha512-E+XQCRwSbaaiChtv6k6Dwgc+bx+Bs6vuKJHHl5kox/BaKbhiXzqQOwK4cO22yElGp2OCmjwVhT3HmxgyPGnJfQ==",
            "dev": true,
            "license": "MIT"
        },
        "node_modules/commander": {
            "version": "2.20.3",
            "resolved": "https://registry.npmjs.org/commander/-/commander-2.20.3.tgz",
            "integrity": "sha512-GpVkmM8vF2vQUkj2LvZmD35JxeJOLCwJ9cUkugyk2nuhbv3+mJvpLYYt+0+USMxE+oj+ey/lJEnhZw75x/OMcQ==",
            "dev": true
        },
        "node_modules/css-select": {
            "version": "5.2.2",
            "resolved": "https://registry.npmjs.org/css-select/-/css-select-5.2.2.tgz",
            "integrity": "sha512-TizTzUddG/xYLA3NXodFM0fSbNizXjOKhqiQQwvhlspadZokn1KDy0NZFS0wuEubIYAV5/c1/lAr0TaaFXEXzw==",
            "dev": true,
            "license": "BSD-2-Clause",
            "dependencies": {
                "boolbase": "^1.0.0",
                "css-what": "^6.1.0",
                "domhandler": "^5.0.2",
                "domutils": "^3.0.1",
                "nth-check": "^2.0.1"
            },
            "funding": {
                "url": "https://github.com/sponsors/fb55"
            }
        },
        "node_modules/css-tree": {
            "version": "2.2.1",
            "resolved": "https://registry.npmjs.org/css-tree/-/css-tree-2.2.1.tgz",
            "integrity": "sha512-OA0mILzGc1kCOCSJerOeqDxDQ4HOh+G8NbOJFOTgOCzpw7fCBubk0fEyxp8AgOL/jvLgYA/uV0cMbe43ElF1JA==",
            "dev": true,
            "license": "MIT",
            "dependencies": {
                "mdn-data": "2.0.28",
                "source-map-js": "^1.0.1"
            },
            "engines": {
                "node": "^10 || ^12.20.0 || ^14.13.0 || >=15.0.0",
                "npm": ">=7.0.0"
            }
        },
        "node_modules/css-what": {
            "version": "6.2.2",
            "resolved": "https://registry.npmjs.org/css-what/-/css-what-6.2.2.tgz",
            "integrity": "sha512-u/O3vwbptzhMs3L1fQE82ZSLHQQfto5gyZzwteVIEyeaY5Fc7R4dapF/BvRoSYFeqfBk4m0V1Vafq5Pjv25wvA==",
            "dev": true,
            "license": "BSD-2-Clause",
            "engines": {
                "node": ">= 6"
            },
            "funding": {
                "url": "https://github.com/sponsors/fb55"
            }
        },
        "node_modules/csso": {
            "version": "5.0.5",
            "resolved": "https://registry.npmjs.org/csso/-/csso-5.0.5.tgz",
            "integrity": "sha512-0LrrStPOdJj+SPCCrGhzryycLjwcgUSHBtxNA8aIDxf0GLsRh1cKYhB00Gd1lDOS4yGH69+SNn13+TWbVHETFQ==",
            "dev": true,
            "license": "MIT",
            "dependencies": {
                "css-tree": "~2.2.0"
            },
            "engines": {
                "node": "^10 || ^12.20.0 || ^14.13.0 || >=15.0.0",
                "npm": ">=7.0.0"
            }
        },
        "node_modules/data-uri-to-buffer": {
            "version": "4.0.1",
            "resolved": "https://registry.npmjs.org/data-uri-to-buffer/-/data-uri-to-buffer-4.0.1.tgz",
            "integrity": "sha512-0R9ikRb668HB7QDxT1vkpuUBtqc53YyAwMwGeUFKRojY/NWKvdZ+9UYtRfGmhqNbRkTSVpMbmyhXipFFv2cb/A==",
            "dev": true,
            "license": "MIT",
            "engines": {
                "node": ">= 12"
            }
        },
        "node_modules/dom-serializer": {
            "version": "2.0.0",
            "resolved": "https://registry.npmjs.org/dom-serializer/-/dom-serializer-2.0.0.tgz",
            "integrity": "sha512-wIkAryiqt/nV5EQKqQpo3SToSOV9J0DnbJqwK7Wv/Trc92zIAYZ4FlMu+JPFW1DfGFt81ZTCGgDEabffXeLyJg==",
            "dev": true,
            "license": "MIT",
            "dependencies": {
                "domelementtype": "^2.3.0",
                "domhandler": "^5.0.2",
                "entities": "^4.2.0"
            },
            "funding": {
                "url": "https://github.com/cheeriojs/dom-serializer?sponsor=1"
            }
        },
        "node_modules/domelementtype": {
            "version": "2.3.0",
            "resolved": "https://registry.npmjs.org/domelementtype/-/domelementtype-2.3.0.tgz",
            "integrity": "sha512-OLETBj6w0OsagBwdXnPdN0cnMfF9opN69co+7ZrbfPGrdpPVNBUj02spi6B1N7wChLQiPn4CSH/zJvXw56gmHw==",
            "dev": true,
            "funding": [
                {
                    "type": "github",
                    "url": "https://github.com/sponsors/fb55"
                }
            ],
            "license": "BSD-2-Clause"
        },
        "node_modules/domhandler": {
            "version": "5.0.3",
            "resolved": "https://registry.npmjs.org/domhandler/-/domhandler-5.0.3.tgz",
            "integrity": "sha512-cgwlv/1iFQiFnU96XXgROh8xTeetsnJiDsTc7TYCLFd9+/WNkIqPTxiM/8pSd8VIrhXGTf1Ny1q1hquVqDJB5w==",
            "dev": true,
            "license": "BSD-2-Clause",
            "dependencies": {
                "domelementtype": "^2.3.0"
            },
            "engines": {
                "node": ">= 4"
            },
            "funding": {
                "url": "https://github.com/fb55/domhandler?sponsor=1"
            }
        },
        "node_modules/domutils": {
            "version": "3.2.2",
            "resolved": "https://registry.npmjs.org/domutils/-/domutils-3.2.2.tgz",
            "integrity": "sha512-6kZKyUajlDuqlHKVX1w7gyslj9MPIXzIFiz/rGu35uC1wMi+kMhQwGhl4lt9unC9Vb9INnY9Z3/ZA3+FhASLaw==",
            "dev": true,
            "license": "BSD-2-Clause",
            "dependencies": {
                "dom-serializer": "^2.0.0",
                "domelementtype": "^2.3.0",
                "domhandler": "^5.0.3"
            },
            "funding": {
                "url": "https://github.com/fb55/domutils?sponsor=1"
            }
        },
        "node_modules/dot-case": {
            "version": "3.0.4",
            "resolved": "https://registry.npmjs.org/dot-case/-/dot-case-3.0.4.tgz",
            "integrity": "sha512-Kv5nKlh6yRrdrGvxeJ2e5y2eRUpkUosIW4A2AS38zwSz27zu7ufDwQPi5Jhs3XAlGNetl3bmnGhQsMtkKJnj3w==",
            "dev": true,
            "license": "MIT",
            "dependencies": {
                "no-case": "^3.0.4",
                "tslib": "^2.0.3"
            }
        },
        "node_modules/dot-case/node_modules/lower-case": {
            "version": "2.0.2",
            "resolved": "https://registry.npmjs.org/lower-case/-/lower-case-2.0.2.tgz",
            "integrity": "sha512-7fm3l3NAF9WfN6W3JOmf5drwpVqX78JtoGJ3A6W0a6ZnldM41w2fV5D490psKFTpMds8TJse/eHLFFsNHHjHgg==",
            "dev": true,
            "license": "MIT",
            "dependencies": {
                "tslib": "^2.0.3"
            }
        },
        "node_modules/dot-case/node_modules/no-case": {
            "version": "3.0.4",
            "resolved": "https://registry.npmjs.org/no-case/-/no-case-3.0.4.tgz",
            "integrity": "sha512-fgAN3jGAh+RoxUGZHTSOLJIqUc2wmoBwGR4tbpNAKmmovFoWq0OdRkb0VkldReO2a2iBT/OEulG9XSUc10r3zg==",
            "dev": true,
            "license": "MIT",
            "dependencies": {
                "lower-case": "^2.0.2",
                "tslib": "^2.0.3"
            }
        },
        "node_modules/entities": {
            "version": "4.5.0",
            "resolved": "https://registry.npmjs.org/entities/-/entities-4.5.0.tgz",
            "integrity": "sha512-V0hjH4dGPh9Ao5p0MoRY6BVqtwCjhz6vI5LT8AJ55H+4g9/4vbHx1I54fS0XuclLhDHArPQCiMjDxjaL8fPxhw==",
            "dev": true,
            "license": "BSD-2-Clause",
            "engines": {
                "node": ">=0.12"
            },
            "funding": {
                "url": "https://github.com/fb55/entities?sponsor=1"
            }
        },
        "node_modules/fetch-blob": {
            "version": "3.2.0",
            "resolved": "https://registry.npmjs.org/fetch-blob/-/fetch-blob-3.2.0.tgz",
            "integrity": "sha512-7yAQpD2UMJzLi1Dqv7qFYnPbaPx7ZfFK6PiIxQ4PfkGPyNyl2Ugx+a/umUonmKqjhM4DnfbMvdX6otXq83soQQ==",
            "dev": true,
            "funding": [
                {
                    "type": "github",
                    "url": "https://github.com/sponsors/jimmywarting"
                },
                {
                    "type": "paypal",
                    "url": "https://paypal.me/jimmywarting"
                }
            ],
            "license": "MIT",
            "dependencies": {
                "node-domexception": "^1.0.0",
                "web-streams-polyfill": "^3.0.3"
            },
            "engines": {
                "node": "^12.20 || >= 14.13"
            }
        },
        "node_modules/formdata-polyfill": {
            "version": "4.0.10",
            "resolved": "https://registry.npmjs.org/formdata-polyfill/-/formdata-polyfill-4.0.10.tgz",
            "integrity": "sha512-buewHzMvYL29jdeQTVILecSaZKnt/RJWjoZCF5OW60Z67/GmSLBkOFM7qh1PI3zFNtJbaZL5eQu1vLfazOwj4g==",
            "dev": true,
            "license": "MIT",
            "dependencies": {
                "fetch-blob": "^3.1.2"
            },
            "engines": {
                "node": ">=12.20.0"
            }
        },
        "node_modules/html-minifier-terser": {
            "version": "7.2.0",
            "resolved": "https://registry.npmjs.org/html-minifier-terser/-/html-minifier-terser-7.2.0.tgz",
            "integrity": "sha512-tXgn3QfqPIpGl9o+K5tpcj3/MN4SfLtsx2GWwBC3SSd0tXQGyF3gsSqad8loJgKZGM3ZxbYDd5yhiBIdWpmvLA==",
            "dev": true,
            "license": "MIT",
            "dependencies": {
                "camel-case": "^4.1.2",
                "clean-css": "~5.3.2",
                "commander": "^10.0.0",
                "entities": "^4.4.0",
                "param-case": "^3.0.4",
                "relateurl": "^0.2.7",
                "terser": "^5.15.1"
            },
            "bin": {
                "html-minifier-terser": "cli.js"
            },
            "engines": {
                "node": "^14.13.1 || >=16.0.0"
            }
        },
        "node_modules/html-minifier-terser/node_modules/camel-case": {
            "version": "4.1.2",
            "resolved": "https://registry.npmjs.org/camel-case/-/camel-case-4.1.2.tgz",
            "integrity": "sha512-gxGWBrTT1JuMx6R+o5PTXMmUnhnVzLQ9SNutD4YqKtI6ap897t3tKECYla6gCWEkplXnlNybEkZg9GEGxKFCgw==",
            "dev": true,
            "license": "MIT",
            "dependencies": {
                "pascal-case": "^3.1.2",
                "tslib": "^2.0.3"
            }
        },
        "node_modules/html-minifier-terser/node_modules/clean-css": {
            "version": "5.3.3",
            "resolved": "https://registry.npmjs.org/clean-css/-/clean-css-5.3.3.tgz",
            "integrity": "sha512-D5J+kHaVb/wKSFcyyV75uCn8fiY4sV38XJoe4CUyGQ+mOU/fMVYUdH1hJC+CJQ5uY3EnW27SbJYS4X8BiLrAFg==",
            "dev": true,
            "license": "MIT",
            "dependencies": {
                "source-map": "~0.6.0"
            },
            "engines": {
                "node": ">= 10.0"
            }
        },
        "node_modules/html-minifier-terser/node_modules/commander": {
            "version": "10.0.1",
            "resolved": "https://registry.npmjs.org/commander/-/commander-10.0.1.tgz",
            "integrity": "sha512-y4Mg2tXshplEbSGzx7amzPwKKOCGuoSRP/CjEdwwk0FOGlUbq6lKuoyDZTNZkmxHdJtp54hdfY/JUrdL7Xfdug==",
            "dev": true,
            "license": "MIT",
            "engines": {
                "node": ">=14"
            }
        },
        "node_modules/html-minifier-terser/node_modules/param-case": {
            "version": "3.0.4",
            "resolved": "https://registry.npmjs.org/param-case/-/param-case-3.0.4.tgz",
            "integrity": "sha512-RXlj7zCYokReqWpOPH9oYivUzLYZ5vAPIfEmCTNViosC78F8F0H9y7T7gG2M39ymgutxF5gcFEsyZQSph9Bp3A==",
            "dev": true,
            "license": "MIT",
            "dependencies": {
                "dot-case": "^3.0.4",
                "tslib": "^2.0.3"
            }
        },
        "node_modules/htmlparser2": {
            "version": "9.1.0",
            "resolved": "https://registry.npmjs.org/htmlparser2/-/htmlparser2-9.1.0.tgz",
            "integrity": "sha512-5zfg6mHUoaer/97TxnGpxmbR7zJtPwIYFMZ/H5ucTlPZhKvtum05yiPK3Mgai3a0DyVxv7qYqoweaEd2nrYQzQ==",
            "dev": true,
            "funding": [
                "https://github.com/fb55/htmlparser2?sponsor=1",
                {
                    "type": "github",
                    "url": "https://github.com/sponsors/fb55"
                }
            ],
            "license": "MIT",
            "dependencies": {
                "domelementtype": "^2.3.0",
                "domhandler": "^5.0.3",
                "domutils": "^3.1.0",
                "entities": "^4.5.0"
            }
        },
        "node_modules/inline-source": {
            "version": "8.0.3",
            "resolved": "https://registry.npmjs.org/inline-source/-/inline-source-8.0.3.tgz",
            "integrity": "sha512-2k0V+qA8buiBSfchYGg6KgugU/YFboGRZyRWQS0AC1wPBIwehi63KVTKLuk7grnqtneafktIxMUn/nhCDCkW5Q==",
            "dev": true,
            "license": "MIT",
            "dependencies": {
                "csso": "^5.0.5",
                "htmlparser2": "^9.0.0",
                "node-fetch": "^3.3.2",
                "svgo": "^3.0.0",
                "terser": "^5.24.0"
            },
            "engines": {
                "node": ">=16.0.0"
            }
        },
        "node_modules/mdn-data": {
            "version": "2.0.28",
            "resolved": "https://registry.npmjs.org/mdn-data/-/mdn-data-2.0.28.tgz",
            "integrity": "sha512-aylIc7Z9y4yzHYAJNuESG3hfhC+0Ibp/MAMiaOZgNv4pmEdFyfZhhhny4MNiAfWdBQ1RQ2mfDWmM1x8SvGyp8g==",
            "dev": true,
            "license": "CC0-1.0"
        },
        "node_modules/node-domexception": {
            "version": "1.0.0",
            "resolved": "https://registry.npmjs.org/node-domexception/-/node-domexception-1.0.0.tgz",
            "integrity": "sha512-/jKZoMpw0F8GRwl4/eLROPA3cfcXtLApP0QzLmUT/HuPCZWyB7IY9ZrMeKw2O/nFIqPQB3PVM9aYm0F312AXDQ==",
            "deprecated": "Use your platform's native DOMException instead",
            "dev": true,
            "funding": [
                {
                    "type": "github",
                    "url": "https://github.com/sponsors/jimmywarting"
                },
                {
                    "type": "github",
                    "url": "https://paypal.me/jimmywarting"
                }
            ],
            "license": "MIT",
            "engines": {
                "node": ">=10.5.0"
            }
        },
        "node_modules/node-fetch": {
            "version": "3.3.2",
            "resolved": "https://registry.npmjs.org/node-fetch/-/node-fetch-3.3.2.tgz",
            "integrity": "sha512-dRB78srN/l6gqWulah9SrxeYnxeddIG30+GOqK/9OlLVyLg3HPnr6SqOWTWOXKRwC2eGYCkZ59NNuSgvSrpgOA==",
            "dev": true,
            "license": "MIT",
            "dependencies": {
                "data-uri-to-buffer": "^4.0.0",
                "fetch-blob": "^3.1.4",
                "formdata-polyfill": "^4.0.10"
            },
            "engines": {
                "node": "^12.20.0 || ^14.13.1 || >=16.0.0"
            },
            "funding": {
                "type": "opencollective",
                "url": "https://opencollective.com/node-fetch"
            }
        },
        "node_modules/normalize.css": {
            "version": "8.0.1",
            "resolved": "https://registry.npmjs.org/normalize.css/-/normalize.css-8.0.1.tgz",
            "integrity": "sha512-qizSNPO93t1YUuUhP22btGOo3chcvDFqFaj2TRybP0DMxkHOCTYwp3n34fel4a31ORXy4m1Xq0Gyqpb5m33qIg=="
        },
        "node_modules/nth-check": {
            "version": "2.1.1",
            "resolved": "https://registry.npmjs.org/nth-check/-/nth-check-2.1.1.tgz",
            "integrity": "sha512-lqjrjmaOoAnWfMmBPL+XNnynZh2+swxiX3WUE0s4yEHI6m+AwrK2UZOimIRl3X/4QctVqS8AiZjFqyOGrMXb/w==",
            "dev": true,
            "license": "BSD-2-Clause",
            "dependencies": {
                "boolbase": "^1.0.0"
            },
            "funding": {
                "url": "https://github.com/fb55/nth-check?sponsor=1"
            }
        },
        "node_modules/pascal-case": {
            "version": "3.1.2",
            "resolved": "https://registry.npmjs.org/pascal-case/-/pascal-case-3.1.2.tgz",
            "integrity": "sha512-uWlGT3YSnK9x3BQJaOdcZwrnV6hPpd8jFH1/ucpiLRPh/2zCVJKS19E4GvYHvaCcACn3foXZ0cLB9Wrx1KGe5g==",
            "dev": true,
            "license": "MIT",
            "dependencies": {
                "no-case": "^3.0.4",
                "tslib": "^2.0.3"
            }
        },
        "node_modules/pascal-case/node_modules/lower-case": {
            "version": "2.0.2",
            "resolved": "https://registry.npmjs.org/lower-case/-/lower-case-2.0.2.tgz",
            "integrity": "sha512-7fm3l3NAF9WfN6W3JOmf5drwpVqX78JtoGJ3A6W0a6ZnldM41w2fV5D490psKFTpMds8TJse/eHLFFsNHHjHgg==",
            "dev": true,
            "license": "MIT",
            "dependencies": {
                "tslib": "^2.0.3"
            }
        },
        "node_modules/pascal-case/node_modules/no-case": {
            "version": "3.0.4",
            "resolved": "https://registry.npmjs.org/no-case/-/no-case-3.0.4.tgz",
            "integrity": "sha512-fgAN3jGAh+RoxUGZHTSOLJIqUc2wmoBwGR4tbpNAKmmovFoWq0OdRkb0VkldReO2a2iBT/OEulG9XSUc10r3zg==",
            "dev": true,
            "license": "MIT",
            "dependencies": {
                "lower-case": "^2.0.2",
                "tslib": "^2.0.3"
            }
        },
        "node_modules/picocolors": {
            "version": "1.1.1",
            "resolved": "https://registry.npmjs.org/picocolors/-/picocolors-1.1.1.tgz",
            "integrity": "sha512-xceH2snhtb5M9liqDsmEw56le376mTZkEX/jEb/RxNFyegNul7eNslCXP9FDj/Lcu0X8KEyMceP2ntpaHrDEVA==",
            "dev": true,
            "license": "ISC"
        },
        "node_modules/relateurl": {
            "version": "0.2.7",
            "resolved": "https://registry.npmjs.org/relateurl/-/relateurl-0.2.7.tgz",
            "integrity": "sha1-VNvzd+UUQKypCkzSdGANP/LYiKk=",
            "dev": true,
            "engines": {
                "node": ">= 0.10"
            }
        },
        "node_modules/sax": {
            "version": "1.6.0",
            "resolved": "https://registry.npmjs.org/sax/-/sax-1.6.0.tgz",
            "integrity": "sha512-6R3J5M4AcbtLUdZmRv2SygeVaM7IhrLXu9BmnOGmmACak8fiUtOsYNWUS4uK7upbmHIBbLBeFeI//477BKLBzA==",
            "dev": true,
            "license": "BlueOak-1.0.0",
            "engines": {
                "node": ">=11.0.0"
            }
        },
        "node_modules/source-map": {
            "version": "0.6.1",
            "resolved": "https://registry.npmjs.org/source-map/-/source-map-0.6.1.tgz",
            "integrity": "sha512-UjgapumWlbMhkBgzT7Ykc5YXUT46F0iKu8SGXq0bcwP5dz/h0Plj6enJqjz1Zbq2l5WaqYnrVbwWOWMyF3F47g==",
            "dev": true,
            "engines": {
                "node": ">=0.10.0"
            }
        },
        "node_modules/source-map-js": {
            "version": "1.2.1",
            "resolved": "https://registry.npmjs.org/source-map-js/-/source-map-js-1.2.1.tgz",
            "integrity": "sha512-UXWMKhLOwVKb728IUtQPXxfYU+usdybtUrK/8uGE8CQMvrhOpwvzDBwj0QhSL7MQc7vIsISBG8VQ8+IDQxpfQA==",
            "dev": true,
            "license": "BSD-3-Clause",
            "engines": {
                "node": ">=0.10.0"
            }
        },
        "node_modules/source-map-support": {
            "version": "0.5.21",
            "resolved": "https://registry.npmjs.org/source-map-support/-/source-map-support-0.5.21.tgz",
            "integrity": "sha512-uBHU3L3czsIyYXKX88fdrGovxdSCoTGDRZ6SYXtSRxLZUzHg5P/66Ht6uoUlHu9EZod+inXhKo3qQgwXUT/y1w==",
            "dev": true,
            "license": "MIT",
            "dependencies": {
                "buffer-from": "^1.0.0",
                "source-map": "^0.6.0"
            }
        },
        "node_modules/svgo": {
            "version": "3.3.3",
            "resolved": "https://registry.npmjs.org/svgo/-/svgo-3.3.3.tgz",
            "integrity": "sha512-+wn7I4p7YgJhHs38k2TNjy1vCfPIfLIJWR5MnCStsN8WuuTcBnRKcMHQLMM2ijxGZmDoZwNv8ipl5aTTen62ng==",
            "dev": true,
            "license": "MIT",
            "dependencies": {
                "commander": "^7.2.0",
                "css-select": "^5.1.0",
                "css-tree": "^2.3.1",
                "css-what": "^6.1.0",
                "csso": "^5.0.5",
                "picocolors": "^1.0.0",
                "sax": "^1.5.0"
            },
            "bin": {
                "svgo": "bin/svgo"
            },
            "engines": {
                "node": ">=14.0.0"
            },
            "funding": {
                "type": "opencollective",
                "url": "https://opencollective.com/svgo"
            }
        },
        "node_modules/svgo/node_modules/commander": {
            "version": "7.2.0",
            "resolved": "https://registry.npmjs.org/commander/-/commander-7.2.0.tgz",
            "integrity": "sha512-QrWXB+ZQSVPmIWIhtEO9H+gwHaMGYiF5ChvoJ+K9ZGHG/sVsa6yiesAD1GC/x46sET00Xlwo1u49RVVVzvcSkw==",
            "dev": true,
            "license": "MIT",
            "engines": {
                "node": ">= 10"
            }
        },
        "node_modules/svgo/node_modules/css-tree": {
            "version": "2.3.1",
            "resolved": "https://registry.npmjs.org/css-tree/-/css-tree-2.3.1.tgz",
            "integrity": "sha512-6Fv1DV/TYw//QF5IzQdqsNDjx/wc8TrMBZsqjL9eW01tWb7R7k/mq+/VXfJCl7SoD5emsJop9cOByJZfs8hYIw==",
            "dev": true,
            "license": "MIT",
            "dependencies": {
                "mdn-data": "2.0.30",
                "source-map-js": "^1.0.1"
            },
            "engines": {
                "node": "^10 || ^12.20.0 || ^14.13.0 || >=15.0.0"
            }
        },
        "node_modules/svgo/node_modules/mdn-data": {
            "version": "2.0.30",
            "resolved": "https://registry.npmjs.org/mdn-data/-/mdn-data-2.0.30.tgz",
            "integrity": "sha512-GaqWWShW4kv/G9IEucWScBx9G1/vsFZZJUO+tD26M8J8z3Kw5RDQjaoZe03YAClgeS/SWPOcb4nkFBTEi5DUEA==",
            "dev": true,
            "license": "CC0-1.0"
        },
        "node_modules/terser": {
            "version": "5.48.0",
            "resolved": "https://registry.npmjs.org/terser/-/terser-5.48.0.tgz",
            "integrity": "sha512-J/9An6vs9Us6wKRriSFXBWdRZapREHqFzdNUKk0pmu804EMR6dr6winwo7e5JDxN4xahxQsuysyYFwlwj4XN/Q==",
            "dev": true,
            "license": "BSD-2-Clause",
            "dependencies": {
                "@jridgewell/source-map": "^0.3.3",
                "acorn": "^8.15.0",
                "commander": "^2.20.0",
                "source-map-support": "~0.5.20"
            },
            "bin": {
                "terser": "bin/terser"
            },
            "engines": {
                "node": ">=10"
            }
        },
        "node_modules/tslib": {
            "version": "2.8.1",
            "resolved": "https://registry.npmjs.org/tslib/-/tslib-2.8.1.tgz",
            "integrity": "sha512-oJFu94HQb+KVduSUQL7wnpmqnfmLsOA/nAh6b6EH0wCEoK0/mPeXU6c3wKDV83MkOuHPRHtSXKKU99IBazS/2w==",
            "dev": true,
            "license": "0BSD"
        },
        "node_modules/web-streams-polyfill": {
            "version": "3.3.3",
            "resolved": "https://registry.npmjs.org/web-streams-polyfill/-/web-streams-polyfill-3.3.3.tgz",
            "integrity": "sha512-d2JWLCivmZYTSIoge9MsgFCZrt571BikcWGYkjC1khllbTeDlGqZ2D8vD8E/lJa8WGWbb7Plm8/XJYV7IJHZZw==",
            "dev": true,
            "license": "MIT",
            "engines": {
                "node": ">= 8"
            }
        }
    },
    "dependencies": {
        "@jridgewell/gen-mapping": {
            "version": "0.3.13",
            "resolved": "https://registry.npmjs.org/@jridgewell/gen-mapping/-/gen-mapping-0.3.13.tgz",
            "integrity": "sha512-2kkt/7niJ6MgEPxF0bYdQ6etZaA+fQvDcLKckhy1yIQOzaoKjBBjSj63/aLVjYE3qhRt5dvM+uUyfCg6UKCBbA==",
            "dev": true,
            "requires": {
                "@jridgewell/sourcemap-codec": "^1.5.0",
                "@jridgewell/trace-mapping": "^0.3.24"
            }
        },
        "@jridgewell/resolve-uri": {
            "version": "3.1.2",
            "resolved": "https://registry.npmjs.org/@jridgewell/resolve-uri/-/resolve-uri-3.1.2.tgz",
            "integrity": "sha512-bRISgCIjP20/tbWSPWMEi54QVPRZExkuD9lJL+UIxUKtwVJA8wW1Trb1jMs1RFXo1CBTNZ/5hpC9QvmKWdopKw==",
            "dev": true
        },
        "@jridgewell/source-map": {
            "version": "0.3.11",
            "resolved": "https://registry.npmjs.org/@jridgewell/source-map/-/source-map-0.3.11.tgz",
            "integrity": "sha512-ZMp1V8ZFcPG5dIWnQLr3NSI1MiCU7UETdS/A0G8V/XWHvJv3ZsFqutJn1Y5RPmAPX6F3BiE397OqveU/9NCuIA==",
            "dev": true,
            "requires": {
                "@jridgewell/gen-mapping": "^0.3.5",
                "@jridgewell/trace-mapping": "^0.3.25"
            }
        },
        "@jridgewell/sourcemap-codec": {
            "version": "1.5.5",
            "resolved": "https://registry.npmjs.org/@jridgewell/sourcemap-codec/-/sourcemap-codec-1.5.5.tgz",
            "integrity": "sha512-cYQ9310grqxueWbl+WuIUIaiUaDcj7WOq5fVhEljNVgRfOUhY9fy2zTvfoqWsnebh8Sl70VScFbICvJnLKB0Og==",
            "dev": true
        },
        "@jridgewell/trace-mapping": {
            "version": "0.3.31",
            "resolved": "https://registry.npmjs.org/@jridgewell/trace-mapping/-/trace-mapping-0.3.31.tgz",
            "integrity": "sha512-zzNR+SdQSDJzc8joaeP8QQoCQr8NuYx2dIIytl1QeBEZHJ9uW6hebsrYgbz8hJwUQao3TWCMtmfV8Nu1twOLAw==",
            "dev": true,
            "requires": {
                "@jridgewell/resolve-uri": "^3.1.0",
                "@jridgewell/sourcemap-codec": "^1.4.14"
            }
        },
        "acorn": {
            "version": "8.17.0",
            "resolved": "https://registry.npmjs.org/acorn/-/acorn-8.17.0.tgz",
            "integrity": "sha512-xRQbDb9BnwDafYNn6Vwl839DYVjqXYb1XVGtWAZ1kcDc6iwAL4hg3B1dZlRiuENFeO2H53gFG3in621AdERVAg==",
            "dev": true
        },
        "boolbase": {
            "version": "1.0.0",
            "resolved": "https://registry.npmjs.org/boolbase/-/boolbase-1.0.0.tgz",
            "integrity": "sha512-JZOSA7Mo9sNGB8+UjSgzdLtokWAky1zbztM3WRLCbZ70/3cTANmQmOdR7y2g+J0e2WXywy1yS468tY+IruqEww==",
            "dev": true
        },
        "buffer-from": {
            "version": "1.1.2",
            "resolved": "https://registry.npmjs.org/buffer-from/-/buffer-from-1.1.2.tgz",
            "integrity": "sha512-E+XQCRwSbaaiChtv6k6Dwgc+bx+Bs6vuKJHHl5kox/BaKbhiXzqQOwK4cO22yElGp2OCmjwVhT3HmxgyPGnJfQ==",
            "dev": true
        },
        "commander": {
            "version": "2.20.3",
            "resolved": "https://registry.npmjs.org/commander/-/commander-2.20.3.tgz",
            "integrity": "sha512-GpVkmM8vF2vQUkj2LvZmD35JxeJOLCwJ9cUkugyk2nuhbv3+mJvpLYYt+0+USMxE+oj+ey/lJEnhZw75x/OMcQ==",
            "dev": true
        },
        "css-select": {
            "version": "5.2.2",
            "resolved": "https://registry.npmjs.org/css-select/-/css-select-5.2.2.tgz",
            "integrity": "sha512-TizTzUddG/xYLA3NXodFM0fSbNizXjOKhqiQQwvhlspadZokn1KDy0NZFS0wuEubIYAV5/c1/lAr0TaaFXEXzw==",
            "dev": true,
            "requires": {
                "boolbase": "^1.0.0",
                "css-what": "^6.1.0",
                "domhandler": "^5.0.2",
                "domutils": "^3.0.1",
                "nth-check": "^2.0.1"
            }
        },
        "css-tree": {
            "version": "2.2.1",
            "resolved": "https://registry.npmjs.org/css-tree/-/css-tree-2.2.1.tgz",
            "integrity": "sha512-OA0mILzGc1kCOCSJerOeqDxDQ4HOh+G8NbOJFOTgOCzpw7fCBubk0fEyxp8AgOL/jvLgYA/uV0cMbe43ElF1JA==",
            "dev": true,
            "requires": {
                "mdn-data": "2.0.28",
                "source-map-js": "^1.0.1"
            }
        },
        "css-what": {
            "version": "6.2.2",
            "resolved": "https://registry.npmjs.org/css-what/-/css-what-6.2.2.tgz",
            "integrity": "sha512-u/O3vwbptzhMs3L1fQE82ZSLHQQfto5gyZzwteVIEyeaY5Fc7R4dapF/BvRoSYFeqfBk4m0V1Vafq5Pjv25wvA==",
            "dev": true
        },
        "csso": {
            "version": "5.0.5",
            "resolved": "https://registry.npmjs.org/csso/-/csso-5.0.5.tgz",
            "integrity": "sha512-0LrrStPOdJj+SPCCrGhzryycLjwcgUSHBtxNA8aIDxf0GLsRh1cKYhB00Gd1lDOS4yGH69+SNn13+TWbVHETFQ==",
            "dev": true,
            "requires": {
                "css-tree": "~2.2.0"
            }
        },
        "data-uri-to-buffer": {
            "version": "4.0.1",
            "resolved": "https://registry.npmjs.org/data-uri-to-buffer/-/data-uri-to-buffer-4.0.1.tgz",
            "integrity": "sha512-0R9ikRb668HB7QDxT1vkpuUBtqc53YyAwMwGeUFKRojY/NWKvdZ+9UYtRfGmhqNbRkTSVpMbmyhXipFFv2cb/A==",
            "dev": true
        },
        "dom-serializer": {
            "version": "2.0.0",
            "resolved": "https://registry.npmjs.org/dom-serializer/-/dom-serializer-2.0.0.tgz",
            "integrity": "sha512-wIkAryiqt/nV5EQKqQpo3SToSOV9J0DnbJqwK7Wv/Trc92zIAYZ4FlMu+JPFW1DfGFt81ZTCGgDEabffXeLyJg==",
            "dev": true,
            "requires": {
                "domelementtype": "^2.3.0",
                "domhandler": "^5.0.2",
                "entities": "^4.2.0"
            }
        },
        "domelementtype": {
            "version": "2.3.0",
            "resolved": "https://registry.npmjs.org/domelementtype/-/domelementtype-2.3.0.tgz",
            "integrity": "sha512-OLETBj6w0OsagBwdXnPdN0cnMfF9opN69co+7ZrbfPGrdpPVNBUj02spi6B1N7wChLQiPn4CSH/zJvXw56gmHw==",
            "dev": true
        },
        "domhandler": {
            "version": "5.0.3",
            "resolved": "https://registry.npmjs.org/domhandler/-/domhandler-5.0.3.tgz",
            "integrity": "sha512-cgwlv/1iFQiFnU96XXgROh8xTeetsnJiDsTc7TYCLFd9+/WNkIqPTxiM/8pSd8VIrhXGTf1Ny1q1hquVqDJB5w==",
            "dev": true,
            "requires": {
                "domelementtype": "^2.3.0"
            }
        },
        "domutils": {
            "version": "3.2.2",
            "resolved": "https://registry.npmjs.org/domutils/-/domutils-3.2.2.tgz",
            "integrity": "sha512-6kZKyUajlDuqlHKVX1w7gyslj9MPIXzIFiz/rGu35uC1wMi+kMhQwGhl4lt9unC9Vb9INnY9Z3/ZA3+FhASLaw==",
            "dev": true,
            "requires": {
                "dom-serializer": "^2.0.0",
                "domelementtype": "^2.3.0",
                "domhandler": "^5.0.3"
            }
        },
        "dot-case": {
            "version": "3.0.4",
            "resolved": "https://registry.npmjs.org/dot-case/-/dot-case-3.0.4.tgz",
            "integrity": "sha512-Kv5nKlh6yRrdrGvxeJ2e5y2eRUpkUosIW4A2AS38zwSz27zu7ufDwQPi5Jhs3XAlGNetl3bmnGhQsMtkKJnj3w==",
            "dev": true,
            "requires": {
                "no-case": "^3.0.4",
                "tslib": "^2.0.3"
            },
            "dependencies": {
                "lower-case": {
                    "version": "2.0.2",
                    "resolved": "https://registry.npmjs.org/lower-case/-/lower-case-2.0.2.tgz",
                    "integrity": "sha512-7fm3l3NAF9WfN6W3JOmf5drwpVqX78JtoGJ3A6W0a6ZnldM41w2fV5D490psKFTpMds8TJse/eHLFFsNHHjHgg==",
                    "dev": true,
                    "requires": {
                        "tslib": "^2.0.3"
                    }
                },
                "no-case": {
                    "version": "3.0.4",
                    "resolved": "https://registry.npmjs.org/no-case/-/no-case-3.0.4.tgz",
                    "integrity": "sha512-fgAN3jGAh+RoxUGZHTSOLJIqUc2wmoBwGR4tbpNAKmmovFoWq0OdRkb0VkldReO2a2iBT/OEulG9XSUc10r3zg==",
                    "dev": true,
                    "requires": {
                        "lower-case": "^2.0.2",
                        "tslib": "^2.0.3"
                    }
                }
            }
        },
        "entities": {
            "version": "4.5.0",
            "resolved": "https://registry.npmjs.org/entities/-/entities-4.5.0.tgz",
            "integrity": "sha512-V0hjH4dGPh9Ao5p0MoRY6BVqtwCjhz6vI5LT8AJ55H+4g9/4vbHx1I54fS0XuclLhDHArPQCiMjDxjaL8fPxhw==",
            "dev": true
        },
        "fetch-blob": {
            "version": "3.2.0",
            "resolved": "https://registry.npmjs.org/fetch-blob/-/fetch-blob-3.2.0.tgz",
            "integrity": "sha512-7yAQpD2UMJzLi1Dqv7qFYnPbaPx7ZfFK6PiIxQ4PfkGPyNyl2Ugx+a/umUonmKqjhM4DnfbMvdX6otXq83soQQ==",
            "dev": true,
            "requires": {
                "node-domexception": "^1.0.0",
                "web-streams-polyfill": "^3.0.3"
            }
        },
        "formdata-polyfill": {
            "version": "4.0.10",
            "resolved": "https://registry.npmjs.org/formdata-polyfill/-/formdata-polyfill-4.0.10.tgz",
            "integrity": "sha512-buewHzMvYL29jdeQTVILecSaZKnt/RJWjoZCF5OW60Z67/GmSLBkOFM7qh1PI3zFNtJbaZL5eQu1vLfazOwj4g==",
            "dev": true,
            "requires": {
                "fetch-blob": "^3.1.2"
            }
        },
        "html-minifier-terser": {
            "version": "7.2.0",
            "resolved": "https://registry.npmjs.org/html-minifier-terser/-/html-minifier-terser-7.2.0.tgz",
            "integrity": "sha512-tXgn3QfqPIpGl9o+K5tpcj3/MN4SfLtsx2GWwBC3SSd0tXQGyF3gsSqad8loJgKZGM3ZxbYDd5yhiBIdWpmvLA==",
            "dev": true,
            "requires": {
                "camel-case": "^4.1.2",
                "clean-css": "~5.3.2",
                "commander": "^10.0.0",
                "entities": "^4.4.0",
                "param-case": "^3.0.4",
                "relateurl": "^0.2.7",
                "terser": "^5.15.1"
            },
            "dependencies": {
                "camel-case": {
                    "version": "4.1.2",
                    "resolved": "https://registry.npmjs.org/camel-case/-/camel-case-4.1.2.tgz",
                    "integrity": "sha512-gxGWBrTT1JuMx6R+o5PTXMmUnhnVzLQ9SNutD4YqKtI6ap897t3tKECYla6gCWEkplXnlNybEkZg9GEGxKFCgw==",
                    "dev": true,
                    "requires": {
                        "pascal-case": "^3.1.2",
                        "tslib": "^2.0.3"
                    }
                },
                "clean-css": {
                    "version": "5.3.3",
                    "resolved": "https://registry.npmjs.org/clean-css/-/clean-css-5.3.3.tgz",
                    "integrity": "sha512-D5J+kHaVb/wKSFcyyV75uCn8fiY4sV38XJoe4CUyGQ+mOU/fMVYUdH1hJC+CJQ5uY3EnW27SbJYS4X8BiLrAFg==",
                    "dev": true,
                    "requires": {
                        "source-map": "~0.6.0"
                    }
                },
                "commander": {
                    "version": "10.0.1",
                    "resolved": "https://registry.npmjs.org/commander/-/commander-10.0.1.tgz",
                    "integrity": "sha512-y4Mg2tXshplEbSGzx7amzPwKKOCGuoSRP/CjEdwwk0FOGlUbq6lKuoyDZTNZkmxHdJtp54hdfY/JUrdL7Xfdug==",
                    "dev": true
                },
                "param-case": {
                    "version": "3.0.4",
                    "resolved": "https://registry.npmjs.org/param-case/-/param-case-3.0.4.tgz",
                    "integrity": "sha512-RXlj7zCYokReqWpOPH9oYivUzLYZ5vAPIfEmCTNViosC78F8F0H9y7T7gG2M39ymgutxF5gcFEsyZQSph9Bp3A==",
                    "dev": true,
                    "requires": {
                        "dot-case": "^3.0.4",
                        "tslib": "^2.0.3"
                    }
                }
            }
        },
        "htmlparser2": {
            "version": "9.1.0",
            "resolved": "https://registry.npmjs.org/htmlparser2/-/htmlparser2-9.1.0.tgz",
            "integrity": "sha512-5zfg6mHUoaer/97TxnGpxmbR7zJtPwIYFMZ/H5ucTlPZhKvtum05yiPK3Mgai3a0DyVxv7qYqoweaEd2nrYQzQ==",
            "dev": true,
            "requires": {
                "domelementtype": "^2.3.0",
                "domhandler": "^5.0.3",
                "domutils": "^3.1.0",
                "entities": "^4.5.0"
            }
        },
        "inline-source": {
            "version": "8.0.3",
            "resolved": "https://registry.npmjs.org/inline-source/-/inline-source-8.0.3.tgz",
            "integrity": "sha512-2k0V+qA8buiBSfchYGg6KgugU/YFboGRZyRWQS0AC1wPBIwehi63KVTKLuk7grnqtneafktIxMUn/nhCDCkW5Q==",
            "dev": true,
            "requires": {
                "csso": "^5.0.5",
                "htmlparser2": "^9.0.0",
                "node-fetch": "^3.3.2",
                "svgo": "^3.0.0",
                "terser": "^5.24.0"
            }
        },
        "mdn-data": {
            "version": "2.0.28",
            "resolved": "https://registry.npmjs.org/mdn-data/-/mdn-data-2.0.28.tgz",
            "integrity": "sha512-aylIc7Z9y4yzHYAJNuESG3hfhC+0Ibp/MAMiaOZgNv4pmEdFyfZhhhny4MNiAfWdBQ1RQ2mfDWmM1x8SvGyp8g==",
            "dev": true
        },
        "node-domexception": {
            "version": "1.0.0",
            "resolved": "https://registry.npmjs.org/node-domexception/-/node-domexception-1.0.0.tgz",
            "integrity": "sha512-/jKZoMpw0F8GRwl4/eLROPA3cfcXtLApP0QzLmUT/HuPCZWyB7IY9ZrMeKw2O/nFIqPQB3PVM9aYm0F312AXDQ==",
            "dev": true
        },
        "node-fetch": {
            "version": "3.3.2",
            "resolved": "https://registry.npmjs.org/node-fetch/-/node-fetch-3.3.2.tgz",
            "integrity": "sha512-dRB78srN/l6gqWulah9SrxeYnxeddIG30+GOqK/9OlLVyLg3HPnr6SqOWTWOXKRwC2eGYCkZ59NNuSgvSrpgOA==",
            "dev": true,
            "requires": {
                "data-uri-to-buffer": "^4.0.0",
                "fetch-blob": "^3.1.4",
                "formdata-polyfill": "^4.0.10"
            }
        },
        "normalize.css": {
            "version": "8.0.1",
            "resolved": "https://registry.npmjs.org/normalize.css/-/normalize.css-8.0.1.tgz",
            "integrity": "sha512-qizSNPO93t1YUuUhP22btGOo3chcvDFqFaj2TRybP0DMxkHOCTYwp3n34fel4a31ORXy4m1Xq0Gyqpb5m33qIg=="
        },
        "nth-check": {
            "version": "2.1.1",
            "resolved": "https://registry.npmjs.org/nth-check/-/nth-check-2.1.1.tgz",
            "integrity": "sha512-lqjrjmaOoAnWfMmBPL+XNnynZh2+swxiX3WUE0s4yEHI6m+AwrK2UZOimIRl3X/4QctVqS8AiZjFqyOGrMXb/w==",
            "dev": true,
            "requires": {
                "boolbase": "^1.0.0"
            }
        },
        "pascal-case": {
            "version": "3.1.2",
            "resolved": "https://registry.npmjs.org/pascal-case/-/pascal-case-3.1.2.tgz",
            "integrity": "sha512-uWlGT3YSnK9x3BQJaOdcZwrnV6hPpd8jFH1/ucpiLRPh/2zCVJKS19E4GvYHvaCcACn3foXZ0cLB9Wrx1KGe5g==",
            "dev": true,
            "requires": {
                "no-case": "^3.0.4",
                "tslib": "^2.0.3"
            },
            "dependencies": {
                "lower-case": {
                    "version": "2.0.2",
                    "resolved": "https://registry.npmjs.org/lower-case/-/lower-case-2.0.2.tgz",
                    "integrity": "sha512-7fm3l3NAF9WfN6W3JOmf5drwpVqX78JtoGJ3A6W0a6ZnldM41w2fV5D490psKFTpMds8TJse/eHLFFsNHHjHgg==",
                    "dev": true,
                    "requires": {
                        "tslib": "^2.0.3"
                    }
                },
                "no-case": {
                    "version": "3.0.4",
                    "resolved": "https://registry.npmjs.org/no-case/-/no-case-3.0.4.tgz",
                    "integrity": "sha512-fgAN3jGAh+RoxUGZHTSOLJIqUc2wmoBwGR4tbpNAKmmovFoWq0OdRkb0VkldReO2a2iBT/OEulG9XSUc10r3zg==",
                    "dev": true,
                    "requires": {
                        "lower-case": "^2.0.2",
                        "tslib": "^2.0.3"
                    }
                }
            }
        },
        "picocolors": {
            "version": "1.1.1",
            "resolved": "https://registry.npmjs.org/picocolors/-/picocolors-1.1.1.tgz",
            "integrity": "sha512-xceH2snhtb5M9liqDsmEw56le376mTZkEX/jEb/RxNFyegNul7eNslCXP9FDj/Lcu0X8KEyMceP2ntpaHrDEVA==",
            "dev": true
        },
        "relateurl": {
            "version": "0.2.7",
            "resolved": "https://registry.npmjs.org/relateurl/-/relateurl-0.2.7.tgz",
            "integrity": "sha1-VNvzd+UUQKypCkzSdGANP/LYiKk=",
            "dev": true
        },
        "sax": {
            "version": "1.6.0",
            "resolved": "https://registry.npmjs.org/sax/-/sax-1.6.0.tgz",
            "integrity": "sha512-6R3J5M4AcbtLUdZmRv2SygeVaM7IhrLXu9BmnOGmmACak8fiUtOsYNWUS4uK7upbmHIBbLBeFeI//477BKLBzA==",
            "dev": true
        },
        "source-map": {
            "version": "0.6.1",
            "resolved": "https://registry.npmjs.org/source-map/-/source-map-0.6.1.tgz",
            "integrity": "sha512-UjgapumWlbMhkBgzT7Ykc5YXUT46F0iKu8SGXq0bcwP5dz/h0Plj6enJqjz1Zbq2l5WaqYnrVbwWOWMyF3F47g==",
            "dev": true
        },
        "source-map-js": {
            "version": "1.2.1",
            "resolved": "https://registry.npmjs.org/source-map-js/-/source-map-js-1.2.1.tgz",
            "integrity": "sha512-UXWMKhLOwVKb728IUtQPXxfYU+usdybtUrK/8uGE8CQMvrhOpwvzDBwj0QhSL7MQc7vIsISBG8VQ8+IDQxpfQA==",
            "dev": true
        },
        "source-map-support": {
            "version": "0.5.21",
            "resolved": "https://registry.npmjs.org/source-map-support/-/source-map-support-0.5.21.tgz",
            "integrity": "sha512-uBHU3L3czsIyYXKX88fdrGovxdSCoTGDRZ6SYXtSRxLZUzHg5P/66Ht6uoUlHu9EZod+inXhKo3qQgwXUT/y1w==",
            "dev": true,
            "requires": {
                "buffer-from": "^1.0.0",
                "source-map": "^0.6.0"
            }
        },
        "svgo": {
            "version": "3.3.3",
            "resolved": "https://registry.npmjs.org/svgo/-/svgo-3.3.3.tgz",
            "integrity": "sha512-+wn7I4p7YgJhHs38k2TNjy1vCfPIfLIJWR5MnCStsN8WuuTcBnRKcMHQLMM2ijxGZmDoZwNv8ipl5aTTen62ng==",
            "dev": true,
            "requires": {
                "commander": "^7.2.0",
                "css-select": "^5.1.0",
                "css-tree": "^2.3.1",
                "css-what": "^6.1.0",
                "csso": "^5.0.5",
                "picocolors": "^1.0.0",
                "sax": "^1.5.0"
            },
            "dependencies": {
                "commander": {
                    "version": "7.2.0",
                    "resolved": "https://registry.npmjs.org/commander/-/commander-7.2.0.tgz",
                    "integrity": "sha512-QrWXB+ZQSVPmIWIhtEO9H+gwHaMGYiF5ChvoJ+K9ZGHG/sVsa6yiesAD1GC/x46sET00Xlwo1u49RVVVzvcSkw==",
                    "dev": true
                },
                "css-tree": {
                    "version": "2.3.1",
                    "resolved": "https://registry.npmjs.org/css-tree/-/css-tree-2.3.1.tgz",
                    "integrity": "sha512-6Fv1DV/TYw//QF5IzQdqsNDjx/wc8TrMBZsqjL9eW01tWb7R7k/mq+/VXfJCl7SoD5emsJop9cOByJZfs8hYIw==",
                    "dev": true,
                    "requires": {
                        "mdn-data": "2.0.30",
                        "source-map-js": "^1.0.1"
                    }
                },
                "mdn-data": {
                    "version": "2.0.30",
                    "resolved": "https://registry.npmjs.org/mdn-data/-/mdn-data-2.0.30.tgz",
                    "integrity": "sha512-GaqWWShW4kv/G9IEucWScBx9G1/vsFZZJUO+tD26M8J8z3Kw5RDQjaoZe03YAClgeS/SWPOcb4nkFBTEi5DUEA==",
                    "dev": true
                }
            }
        },
        "terser": {
            "version": "5.48.0",
            "resolved": "https://registry.npmjs.org/terser/-/terser-5.48.0.tgz",
            "integrity": "sha512-J/9An6vs9Us6wKRriSFXBWdRZapREHqFzdNUKk0pmu804EMR6dr6winwo7e5JDxN4xahxQsuysyYFwlwj4XN/Q==",
            "dev": true,
            "requires": {
                "@jridgewell/source-map": "^0.3.3",
                "acorn": "^8.15.0",
                "commander": "^2.20.0",
                "source-map-support": "~0.5.20"
            }
        },
        "tslib": {
            "version": "2.8.1",
            "resolved": "https://registry.npmjs.org/tslib/-/tslib-2.8.1.tgz",
            "integrity": "sha512-oJFu94HQb+KVduSUQL7wnpmqnfmLsOA/nAh6b6EH0wCEoK0/mPeXU6c3wKDV83MkOuHPRHtSXKKU99IBazS/2w==",
            "dev": true
        },
        "web-streams-polyfill": {
            "version": "3.3.3",
            "resolved": "https://registry.npmjs.org/web-streams-polyfill/-/web-streams-polyfill-3.3.3.tgz",
            "integrity": "sha512-d2JWLCivmZYTSIoge9MsgFCZrt571BikcWGYkjC1khllbTeDlGqZ2D8vD8E/lJa8WGWbb7Plm8/XJYV7IJHZZw==",
            "dev": true
        }
    }
}
